// !$*UTF8*$!
{
	archiveVersion = 1;
	classes = {
	};
	objectVersion = 48;
	objects = {

/* Begin PBXBuildFile section */
		BBF2B53F1FD0F6000037E0DA /* AppDelegate.swift in Sources */ = {isa = PBXBuildFile; fileRef = BBF2B53E1FD0F6000037E0DA /* AppDelegate.swift */; };
		BBF2B5411FD0F6000037E0DA /* ViewController.swift in Sources */ = {isa = PBXBuildFile; fileRef = BBF2B5401FD0F6000037E0DA /* ViewController.swift */; };
		BBF2B5441FD0F6000037E0DA /* Main.storyboard in Resources */ = {isa = PBXBuildFile; fileRef = BBF2B5421FD0F6000037E0DA /* Main.storyboard */; };
		BBF2B5461FD0F6000037E0DA /* Assets.xcassets in Resources */ = {isa = PBXBuildFile; fileRef = BBF2B5451FD0F6000037E0DA /* Assets.xcassets */; };
		BBF2B5491FD0F6000037E0DA /* LaunchScreen.storyboard in Resources */ = {isa = PBXBuildFile; fileRef = BBF2B5471FD0F6000037E0DA /* LaunchScreen.storyboard */; };
		BBF2B5541FD0F6000037E0DA /* cautiousTests.swift in Sources */ = {isa = PBXBuildFile; fileRef = BBF2B5531FD0F6000037E0DA /* cautiousTests.swift */; };
		BBF2B55F1FD0F6000037E0DA /* cautiousUITests.swift in Sources */ = {isa = PBXBuildFile; fileRef = BBF2B55E1FD0F6000037E0DA /* cautiousUITests.swift */; };
		BBF2B56E1FD0F68B0037E0DA /* ViewController.swift in Sources */ = {isa = PBXBuildFile; fileRef = BBF2B5401FD0F6000037E0DA /* ViewController.swift */; };
		BBF2B56F1FD0F68B0037E0DA /* AppDelegate.swift in Sources */ = {isa = PBXBuildFile; fileRef = BBF2B53E1FD0F6000037E0DA /* AppDelegate.swift */; };
		BBF2B5721FD0F68B0037E0DA /* LaunchScreen.storyboard in Resources */ = {isa = PBXBuildFile; fileRef = BBF2B5471FD0F6000037E0DA /* LaunchScreen.storyboard */; };
		BBF2B5731FD0F68B0037E0DA /* Assets.xcassets in Resources */ = {isa = PBXBuildFile; fileRef = BBF2B5451FD0F6000037E0DA /* Assets.xcassets */; };
		BBF2B5741FD0F68B0037E0DA /* Main.storyboard in Resources */ = {isa = PBXBuildFile; fileRef = BBF2B5421FD0F6000037E0DA /* Main.storyboard */; };
/* End PBXBuildFile section */

/* Begin PBXContainerItemProxy section */
		BBF2B5501FD0F6000037E0DA /* PBXContainerItemProxy */ = {
			isa = PBXContainerItemProxy;
			containerPortal = BBF2B5331FD0F6000037E0DA /* Project object */;
			proxyType = 1;
			remoteGlobalIDString = BBF2B53A1FD0F6000037E0DA;
			remoteInfo = cautious;
		};
		BBF2B55B1FD0F6000037E0DA /* PBXContainerItemProxy */ = {
			isa = PBXContainerItemProxy;
			containerPortal = BBF2B5331FD0F6000037E0DA /* Project object */;
			proxyType = 1;
			remoteGlobalIDString = BBF2B53A1FD0F6000037E0DA;
			remoteInfo = cautious;
		};
/* End PBXContainerItemProxy section */

/* Begin PBXFileReference section */
		BBF2B53B1FD0F6000037E0DA /* cautious.app */ = {isa = PBXFileReference; explicitFileType = wrapper.application; includeInIndex = 0; path = cautious.app; sourceTree = BUILT_PRODUCTS_DIR; };
		BBF2B53E1FD0F6000037E0DA /* AppDelegate.swift */ = {isa = PBXFileReference; lastKnownFileType = sourcecode.swift; path = AppDelegate.swift; sourceTree = "<group>"; };
		BBF2B5401FD0F6000037E0DA /* ViewController.swift */ = {isa = PBXFileReference; lastKnownFileType = sourcecode.swift; path = ViewController.swift; sourceTree = "<group>"; };
		BBF2B5431FD0F6000037E0DA /* Base */ = {isa = PBXFileReference; lastKnownFileType = file.storyboard; name = Base; path = Base.lproj/Main.storyboard; sourceTree = "<group>"; };
		BBF2B5451FD0F6000037E0DA /* Assets.xcassets */ = {isa = PBXFileReference; lastKnownFileType = folder.assetcatalog; path = Assets.xcassets; sourceTree = "<group>"; };
		BBF2B5481FD0F6000037E0DA /* Base */ = {isa = PBXFileReference; lastKnownFileType = file.storyboard; name = Base; path = Base.lproj/LaunchScreen.storyboard; sourceTree = "<group>"; };
		BBF2B54A1FD0F6000037E0DA /* Info.plist */ = {isa = PBXFileReference; lastKnownFileType = text.plist.xml; path = Info.plist; sourceTree = "<group>"; };
		BBF2B54F1FD0F6000037E0DA /* cautiousTests.xctest */ = {isa = PBXFileReference; explicitFileType = wrapper.cfbundle; includeInIndex = 0; path = cautiousTests.xctest; sourceTree = BUILT_PRODUCTS_DIR; };
		BBF2B5531FD0F6000037E0DA /* cautiousTests.swift */ = {isa = PBXFileReference; lastKnownFileType = sourcecode.swift; path = cautiousTests.swift; sourceTree = "<group>"; };
		BBF2B5551FD0F6000037E0DA /* Info.plist */ = {isa = PBXFileReference; lastKnownFileType = text.plist.xml; path = Info.plist; sourceTree = "<group>"; };
		BBF2B55A1FD0F6000037E0DA /* cautiousUITests.xctest */ = {isa = PBXFileReference; explicitFileType = wrapper.cfbundle; includeInIndex = 0; path = cautiousUITests.xctest; sourceTree = BUILT_PRODUCTS_DIR; };
		BBF2B55E1FD0F6000037E0DA /* cautiousUITests.swift */ = {isa = PBXFileReference; lastKnownFileType = sourcecode.swift; path = cautiousUITests.swift; sourceTree = "<group>"; };
		BBF2B5601FD0F6000037E0DA /* Info.plist */ = {isa = PBXFileReference; lastKnownFileType = text.plist.xml; path = Info.plist; sourceTree = "<group>"; };
		BBF2B5781FD0F68B0037E0DA /* cautious-staging.app */ = {isa = PBXFileReference; explicitFileType = wrapper.application; includeInIndex = 0; path = "cautious-staging.app"; sourceTree = BUILT_PRODUCTS_DIR; };
		BBF2B5791FD0F68C0037E0DA /* cautious copy-Info.plist */ = {isa = PBXFileReference; lastKnownFileType = text.plist.xml; name = "cautious copy-Info.plist"; path = "/Users/ujeong-geun/Documents/work/cautious/cautious/cautious copy-Info.plist"; sourceTree = "<absolute>"; };
/* End PBXFileReference section */

/* Begin PBXFrameworksBuildPhase section */
		BBF2B5381FD0F6000037E0DA /* Frameworks */ = {
			isa = PBXFrameworksBuildPhase;
			buildActionMask = 2147483647;
			files = (
			);
			runOnlyForDeploymentPostprocessing = 0;
		};
		BBF2B54C1FD0F6000037E0DA /* Frameworks */ = {
			isa = PBXFrameworksBuildPhase;
			buildActionMask = 2147483647;
			files = (
			);
			runOnlyForDeploymentPostprocessing = 0;
		};
		BBF2B5571FD0F6000037E0DA /* Frameworks */ = {
			isa = PBXFrameworksBuildPhase;
			buildActionMask = 2147483647;
			files = (
			);
			runOnlyForDeploymentPostprocessing = 0;
		};
		BBF2B5701FD0F68B0037E0DA /* Frameworks */ = {
			isa = PBXFrameworksBuildPhase;
			buildActionMask = 2147483647;
			files = (
			);
			runOnlyForDeploymentPostprocessing = 0;
		};
/* End PBXFrameworksBuildPhase section */

/* Begin PBXGroup section */
		BBF2B5321FD0F6000037E0DA = {
			isa = PBXGroup;
			children = (
				BBF2B53D1FD0F6000037E0DA /* cautious */,
				BBF2B5521FD0F6000037E0DA /* cautiousTests */,
				BBF2B55D1FD0F6000037E0DA /* cautiousUITests */,
				BBF2B53C1FD0F6000037E0DA /* Products */,
				BBF2B5791FD0F68C0037E0DA /* cautious copy-Info.plist */,
			);
			sourceTree = "<group>";
		};
		BBF2B53C1FD0F6000037E0DA /* Products */ = {
			isa = PBXGroup;
			children = (
				BBF2B53B1FD0F6000037E0DA /* cautious.app */,
				BBF2B54F1FD0F6000037E0DA /* cautiousTests.xctest */,
				BBF2B55A1FD0F6000037E0DA /* cautiousUITests.xctest */,
				BBF2B5781FD0F68B0037E0DA /* cautious-staging.app */,
			);
			name = Products;
			sourceTree = "<group>";
		};
		BBF2B53D1FD0F6000037E0DA /* cautious */ = {
			isa = PBXGroup;
			children = (
				BBF2B53E1FD0F6000037E0DA /* AppDelegate.swift */,
				BBF2B5401FD0F6000037E0DA /* ViewController.swift */,
				BBF2B5421FD0F6000037E0DA /* Main.storyboard */,
				BBF2B5451FD0F6000037E0DA /* Assets.xcassets */,
				BBF2B5471FD0F6000037E0DA /* LaunchScreen.storyboard */,
				BBF2B54A1FD0F6000037E0DA /* Info.plist */,
			);
			path = cautious;
			sourceTree = "<group>";
		};
		BBF2B5521FD0F6000037E0DA /* cautiousTests */ = {
			isa = PBXGroup;
			children = (
				BBF2B5531FD0F6000037E0DA /* cautiousTests.swift */,
				BBF2B5551FD0F6000037E0DA /* Info.plist */,
			);
			path = cautiousTests;
			sourceTree = "<group>";
		};
		BBF2B55D1FD0F6000037E0DA /* cautiousUITests */ = {
			isa = PBXGroup;
			children = (
				BBF2B55E1FD0F6000037E0DA /* cautiousUITests.swift */,
				BBF2B5601FD0F6000037E0DA /* Info.plist */,
			);
			path = cautiousUITests;
			sourceTree = "<group>";
		};
/* End PBXGroup section */

/* Begin PBXNativeTarget section */
		BBF2B53A1FD0F6000037E0DA /* cautious */ = {
			isa = PBXNativeTarget;
			buildConfigurationList = BBF2B5631FD0F6000037E0DA /* Build configuration list for PBXNativeTarget "cautious" */;
			buildPhases = (
				BBF2B5371FD0F6000037E0DA /* Sources */,
				BBF2B5381FD0F6000037E0DA /* Frameworks */,
				BBF2B5391FD0F6000037E0DA /* Resources */,
			);
			buildRules = (
			);
			dependencies = (
			);
			name = cautious;
			productName = cautious;
			productReference = BBF2B53B1FD0F6000037E0DA /* cautious.app */;
			productType = "com.apple.product-type.application";
		};
		BBF2B54E1FD0F6000037E0DA /* cautiousTests */ = {
			isa = PBXNativeTarget;
			buildConfigurationList = BBF2B5661FD0F6000037E0DA /* Build configuration list for PBXNativeTarget "cautiousTests" */;
			buildPhases = (
				BBF2B54B1FD0F6000037E0DA /* Sources */,
				BBF2B54C1FD0F6000037E0DA /* Frameworks */,
				BBF2B54D1FD0F6000037E0DA /* Resources */,
			);
			buildRules = (
			);
			dependencies = (
				BBF2B5511FD0F6000037E0DA /* PBXTargetDependency */,
			);
			name = cautiousTests;
			productName = cautiousTests;
			productReference = BBF2B54F1FD0F6000037E0DA /* cautiousTests.xctest */;
			productType = "com.apple.product-type.bundle.unit-test";
		};
		BBF2B5591FD0F6000037E0DA /* cautiousUITests */ = {
			isa = PBXNativeTarget;
			buildConfigurationList = BBF2B5691FD0F6000037E0DA /* Build configuration list for PBXNativeTarget "cautiousUITests" */;
			buildPhases = (
				BBF2B5561FD0F6000037E0DA /* Sources */,
				BBF2B5571FD0F6000037E0DA /* Frameworks */,
				BBF2B5581FD0F6000037E0DA /* Resources */,
			);
			buildRules = (
			);
			dependencies = (
				BBF2B55C1FD0F6000037E0DA /* PBXTargetDependency */,
			);
			name = cautiousUITests;
			productName = cautiousUITests;
			productReference = BBF2B55A1FD0F6000037E0DA /* cautiousUITests.xctest */;
			productType = "com.apple.product-type.bundle.ui-testing";
		};
		BBF2B56C1FD0F68B0037E0DA /* cautious-staging */ = {
			isa = PBXNativeTarget;
			buildConfigurationList = BBF2B5751FD0F68B0037E0DA /* Build configuration list for PBXNativeTarget "cautious-staging" */;
			buildPhases = (
				BBF2B56D1FD0F68B0037E0DA /* Sources */,
				BBF2B5701FD0F68B0037E0DA /* Frameworks */,
				BBF2B5711FD0F68B0037E0DA /* Resources */,
			);
			buildRules = (
			);
			dependencies = (
			);
			name = "cautious-staging";
			productName = cautious;
			productReference = BBF2B5781FD0F68B0037E0DA /* cautious-staging.app */;
			productType = "com.apple.product-type.application";
		};
/* End PBXNativeTarget section */

/* Begin PBXProject section */
		BBF2B5331FD0F6000037E0DA /* Project object */ = {
			isa = PBXProject;
			attributes = {
				LastSwiftUpdateCheck = 0910;
				LastUpgradeCheck = 0910;
				ORGANIZATIONNAME = woojg;
				TargetAttributes = {
					BBF2B53A1FD0F6000037E0DA = {
						CreatedOnToolsVersion = 9.1;
						ProvisioningStyle = Automatic;
					};
					BBF2B54E1FD0F6000037E0DA = {
						CreatedOnToolsVersion = 9.1;
						ProvisioningStyle = Automatic;
						TestTargetID = BBF2B53A1FD0F6000037E0DA;
					};
					BBF2B5591FD0F6000037E0DA = {
						CreatedOnToolsVersion = 9.1;
						ProvisioningStyle = Automatic;
						TestTargetID = BBF2B53A1FD0F6000037E0DA;
					};
					BBF2B56C1FD0F68B0037E0DA = {
						ProvisioningStyle = Automatic;
					};
				};
			};
			buildConfigurationList = BBF2B5361FD0F6000037E0DA /* Build configuration list for PBXProject "cautious" */;
			compatibilityVersion = "Xcode 8.0";
			developmentRegion = en;
			hasScannedForEncodings = 0;
			knownRegions = (
				en,
				Base,
			);
			mainGroup = BBF2B5321FD0F6000037E0DA;
			productRefGroup = BBF2B53C1FD0F6000037E0DA /* Products */;
			projectDirPath = "";
			projectRoot = "";
			targets = (
				BBF2B53A1FD0F6000037E0DA /* cautious */,
				BBF2B56C1FD0F68B0037E0DA /* cautious-staging */,
				BBF2B54E1FD0F6000037E0DA /* cautiousTests */,
				BBF2B5591FD0F6000037E0DA /* cautiousUITests */,
			);
		};
/* End PBXProject section */

/* Begin PBXResourcesBuildPhase section */
		BBF2B5391FD0F6000037E0DA /* Resources */ = {
			isa = PBXResourcesBuildPhase;
			buildActionMask = 2147483647;
			files = (
				BBF2B5491FD0F6000037E0DA /* LaunchScreen.storyboard in Resources */,
				BBF2B5461FD0F6000037E0DA /* Assets.xcassets in Resources */,
				BBF2B5441FD0F6000037E0DA /* Main.storyboard in Resources */,
			);
			runOnlyForDeploymentPostprocessing = 0;
		};
		BBF2B54D1FD0F6000037E0DA /* Resources */ = {
			isa = PBXResourcesBuildPhase;
			buildActionMask = 2147483647;
			files = (
			);
			runOnlyForDeploymentPostprocessing = 0;
		};
		BBF2B5581FD0F6000037E0DA /* Resources */ = {
			isa = PBXResourcesBuildPhase;
			buildActionMask = 2147483647;
			files = (
			);
			runOnlyForDeploymentPostprocessing = 0;
		};
		BBF2B5711FD0F68B0037E0DA /* Resources */ = {
			isa = PBXResourcesBuildPhase;
			buildActionMask = 2147483647;
			files = (
				BBF2B5721FD0F68B0037E0DA /* LaunchScreen.storyboard in Resources */,
				BBF2B5731FD0F68B0037E0DA /* Assets.xcassets in Resources */,
				BBF2B5741FD0F68B0037E0DA /* Main.storyboard in Resources */,
			);
			runOnlyForDeploymentPostprocessing = 0;
		};
/* End PBXResourcesBuildPhase section */

/* Begin PBXSourcesBuildPhase section */
		BBF2B5371FD0F6000037E0DA /* Sources */ = {
			isa = PBXSourcesBuildPhase;
			buildActionMask = 2147483647;
			files = (
				BBF2B5411FD0F6000037E0DA /* ViewController.swift in Sources */,
				BBF2B53F1FD0F6000037E0DA /* AppDelegate.swift in Sources */,
			);
			runOnlyForDeploymentPostprocessing = 0;
		};
		BBF2B54B1FD0F6000037E0DA /* Sources */ = {
			isa = PBXSourcesBuildPhase;
			buildActionMask = 2147483647;
			files = (
				BBF2B5541FD0F6000037E0DA /* cautiousTests.swift in Sources */,
			);
			runOnlyForDeploymentPostprocessing = 0;
		};
		BBF2B5561FD0F6000037E0DA /* Sources */ = {
			isa = PBXSourcesBuildPhase;
			buildActionMask = 2147483647;
			files = (
				BBF2B55F1FD0F6000037E0DA /* cautiousUITests.swift in Sources */,
			);
			runOnlyForDeploymentPostprocessing = 0;
		};
		BBF2B56D1FD0F68B0037E0DA /* Sources */ = {
			isa = PBXSourcesBuildPhase;
			buildActionMask = 2147483647;
			files = (
				BBF2B56E1FD0F68B0037E0DA /* ViewController.swift in Sources */,
				BBF2B56F1FD0F68B0037E0DA /* AppDelegate.swift in Sources */,
			);
			runOnlyForDeploymentPostprocessing = 0;
		};
/* End PBXSourcesBuildPhase section */

/* Begin PBXTargetDependency section */
		BBF2B5511FD0F6000037E0DA /* PBXTargetDependency */ = {
			isa = PBXTargetDependency;
			target = BBF2B53A1FD0F6000037E0DA /* cautious */;
			targetProxy = BBF2B5501FD0F6000037E0DA /* PBXContainerItemProxy */;
		};
		BBF2B55C1FD0F6000037E0DA /* PBXTargetDependency */ = {
			isa = PBXTargetDependency;
			target = BBF2B53A1FD0F6000037E0DA /* cautious */;
			targetProxy = BBF2B55B1FD0F6000037E0DA /* PBXContainerItemProxy */;
		};
/* End PBXTargetDependency section */

/* Begin PBXVariantGroup section */
		BBF2B5421FD0F6000037E0DA /* Main.storyboard */ = {
			isa = PBXVariantGroup;
			children = (
				BBF2B5431FD0F6000037E0DA /* Base */,
			);
			name = Main.storyboard;
			sourceTree = "<group>";
		};
		BBF2B5471FD0F6000037E0DA /* LaunchScreen.storyboard */ = {
			isa = PBXVariantGroup;
			children = (
				BBF2B5481FD0F6000037E0DA /* Base */,
			);
			name = LaunchScreen.storyboard;
			sourceTree = "<group>";
		};
/* End PBXVariantGroup section */

/* Begin XCBuildConfiguration section */
		BBF2B5611FD0F6000037E0DA /* Debug */ = {
			isa = XCBuildConfiguration;
			buildSettings = {
				ALWAYS_SEARCH_USER_PATHS = NO;
				CLANG_ANALYZER_NONNULL = YES;
				CLANG_ANALYZER_NUMBER_OBJECT_CONVERSION = YES_AGGRESSIVE;
				CLANG_CXX_LANGUAGE_STANDARD = "gnu++14";
				CLANG_CXX_LIBRARY = "libc++";
				CLANG_ENABLE_MODULES = YES;
				CLANG_ENABLE_OBJC_ARC = YES;
				CLANG_WARN_BLOCK_CAPTURE_AUTORELEASING = YES;
				CLANG_WARN_BOOL_CONVERSION = YES;
				CLANG_WARN_COMMA = YES;
				CLANG_WARN_CONSTANT_CONVERSION = YES;
				CLANG_WARN_DIRECT_OBJC_ISA_USAGE = YES_ERROR;
				CLANG_WARN_DOCUMENTATION_COMMENTS = YES;
				CLANG_WARN_EMPTY_BODY = YES;
				CLANG_WARN_ENUM_CONVERSION = YES;
				CLANG_WARN_INFINITE_RECURSION = YES;
				CLANG_WARN_INT_CONVERSION = YES;
				CLANG_WARN_NON_LITERAL_NULL_CONVERSION = YES;
				CLANG_WARN_OBJC_LITERAL_CONVERSION = YES;
				CLANG_WARN_OBJC_ROOT_CLASS = YES_ERROR;
				CLANG_WARN_RANGE_LOOP_ANALYSIS = YES;
				CLANG_WARN_STRICT_PROTOTYPES = YES;
				CLANG_WARN_SUSPICIOUS_MOVE = YES;
				CLANG_WARN_UNGUARDED_AVAILABILITY = YES_AGGRESSIVE;
				CLANG_WARN_UNREACHABLE_CODE = YES;
				CLANG_WARN__DUPLICATE_METHOD_MATCH = YES;
				CODE_SIGN_IDENTITY = "iPhone Developer";
				COPY_PHASE_STRIP = NO;
				DEBUG_INFORMATION_FORMAT = dwarf;
				ENABLE_STRICT_OBJC_MSGSEND = YES;
				ENABLE_TESTABILITY = YES;
				GCC_C_LANGUAGE_STANDARD = gnu11;
				GCC_DYNAMIC_NO_PIC = NO;
				GCC_NO_COMMON_BLOCKS = YES;
				GCC_OPTIMIZATION_LEVEL = 0;
				GCC_PREPROCESSOR_DEFINITIONS = (
					"DEBUG=1",
					"$(inherited)",
				);
				GCC_WARN_64_TO_32_BIT_CONVERSION = YES;
				GCC_WARN_ABOUT_RETURN_TYPE = YES_ERROR;
				GCC_WARN_UNDECLARED_SELECTOR = YES;
				GCC_WARN_UNINITIALIZED_AUTOS = YES_AGGRESSIVE;
				GCC_WARN_UNUSED_FUNCTION = YES;
				GCC_WARN_UNUSED_VARIABLE = YES;
				IPHONEOS_DEPLOYMENT_TARGET = 11.1;
				MTL_ENABLE_DEBUG_INFO = YES;
				ONLY_ACTIVE_ARCH = YES;
				SDKROOT = iphoneos;
				SWIFT_ACTIVE_COMPILATION_CONDITIONS = DEBUG;
				SWIFT_OPTIMIZATION_LEVEL = "-Onone";
			};
			name = Debug;
		};
		BBF2B5621FD0F6000037E0DA /* Release */ = {
			isa = XCBuildConfiguration;
			buildSettings = {
				ALWAYS_SEARCH_USER_PATHS = NO;
				CLANG_ANALYZER_NONNULL = YES;
				CLANG_ANALYZER_NUMBER_OBJECT_CONVERSION = YES_AGGRESSIVE;
				CLANG_CXX_LANGUAGE_STANDARD = "gnu++14";
				CLANG_CXX_LIBRARY = "libc++";
				CLANG_ENABLE_MODULES = YES;
				CLANG_ENABLE_OBJC_ARC = YES;
				CLANG_WARN_BLOCK_CAPTURE_AUTORELEASING = YES;
				CLANG_WARN_BOOL_CONVERSION = YES;
				CLANG_WARN_COMMA = YES;
				CLANG_WARN_CONSTANT_CONVERSION = YES;
				CLANG_WARN_DIRECT_OBJC_ISA_USAGE = YES_ERROR;
				CLANG_WARN_DOCUMENTATION_COMMENTS = YES;
				CLANG_WARN_EMPTY_BODY = YES;
				CLANG_WARN_ENUM_CONVERSION = YES;
				CLANG_WARN_INFINITE_RECURSION = YES;
				CLANG_WARN_INT_CONVERSION = YES;
				CLANG_WARN_NON_LITERAL_NULL_CONVERSION = YES;
				CLANG_WARN_OBJC_LITERAL_CONVERSION = YES;
				CLANG_WARN_OBJC_ROOT_CLASS = YES_ERROR;
				CLANG_WARN_RANGE_LOOP_ANALYSIS = YES;
				CLANG_WARN_STRICT_PROTOTYPES = YES;
				CLANG_WARN_SUSPICIOUS_MOVE = YES;
				CLANG_WARN_UNGUARDED_AVAILABILITY = YES_AGGRESSIVE;
				CLANG_WARN_UNREACHABLE_CODE = YES;
				CLANG_WARN__DUPLICATE_METHOD_MATCH = YES;
				CODE_SIGN_IDENTITY = "iPhone Developer";
				COPY_PHASE_STRIP = NO;
				DEBUG_INFORMATION_FORMAT = "dwarf-with-dsym";
				ENABLE_NS_ASSERTIONS = NO;
				ENABLE_STRICT_OBJC_MSGSEND = YES;
				GCC_C_LANGUAGE_STANDARD = gnu11;
				GCC_NO_COMMON_BLOCKS = YES;
				GCC_WARN_64_TO_32_BIT_CONVERSION = YES;
				GCC_WARN_ABOUT_RETURN_TYPE = YES_ERROR;
				GCC_WARN_UNDECLARED_SELECTOR = YES;
				GCC_WARN_UNINITIALIZED_AUTOS = YES_AGGRESSIVE;
				GCC_WARN_UNUSED_FUNCTION = YES;
				GCC_WARN_UNUSED_VARIABLE = YES;
				IPHONEOS_DEPLOYMENT_TARGET = 11.1;
				MTL_ENABLE_DEBUG_INFO = NO;
				SDKROOT = iphoneos;
				SWIFT_OPTIMIZATION_LEVEL = "-Owholemodule";
				VALIDATE_PRODUCT = YES;
			};
			name = Release;
		};
		BBF2B5641FD0F6000037E0DA /* Debug */ = {
			isa = XCBuildConfiguration;
			buildSettings = {
				ASSETCATALOG_COMPILER_APPICON_NAME = AppIcon;
				CODE_SIGN_STYLE = Automatic;
				DEVELOPMENT_TEAM = EKD5J8G5SA;
				INFOPLIST_FILE = cautious/Info.plist;
				IPHONEOS_DEPLOYMENT_TARGET = 9.1;
				LD_RUNPATH_SEARCH_PATHS = "$(inherited) @executable_path/Frameworks";
				PRODUCT_BUNDLE_IDENTIFIER = com.woojg.cautious;
				PRODUCT_NAME = "$(TARGET_NAME)";
				SWIFT_VERSION = 4.0;
				TARGETED_DEVICE_FAMILY = "1,2";
			};
			name = Debug;
		};
		BBF2B5651FD0F6000037E0DA /* Release */ = {
			isa = XCBuildConfiguration;
			buildSettings = {
				ASSETCATALOG_COMPILER_APPICON_NAME = AppIcon;
				CODE_SIGN_STYLE = Automatic;
				DEVELOPMENT_TEAM = EKD5J8G5SA;
				INFOPLIST_FILE = cautious/Info.plist;
				IPHONEOS_DEPLOYMENT_TARGET = 9.1;
				LD_RUNPATH_SEARCH_PATHS = "$(inherited) @executable_path/Frameworks";
				PRODUCT_BUNDLE_IDENTIFIER = com.woojg.cautious;
				PRODUCT_NAME = "$(TARGET_NAME)";
				SWIFT_VERSION = 4.0;
				TARGETED_DEVICE_FAMILY = "1,2";
			};
			name = Release;
		};
		BBF2B5671FD0F6000037E0DA /* Debug */ = {
			isa = XCBuildConfiguration;
			buildSettings = {
				ALWAYS_EMBED_SWIFT_STANDARD_LIBRARIES = YES;
				BUNDLE_LOADER = "$(TEST_HOST)";
				CODE_SIGN_STYLE = Automatic;
				DEVELOPMENT_TEAM = EKD5J8G5SA;
				INFOPLIST_FILE = cautiousTests/Info.plist;
				LD_RUNPATH_SEARCH_PATHS = "$(inherited) @executable_path/Frameworks @loader_path/Frameworks";
				PRODUCT_BUNDLE_IDENTIFIER = com.woojg.cautious.cautiousTests;
				PRODUCT_NAME = "$(TARGET_NAME)";
				SWIFT_VERSION = 4.0;
				TARGETED_DEVICE_FAMILY = "1,2";
				TEST_HOST = "$(BUILT_PRODUCTS_DIR)/cautious.app/cautious";
			};
			name = Debug;
		};
		BBF2B5681FD0F6000037E0DA /* Release */ = {
			isa = XCBuildConfiguration;
			buildSettings = {
				ALWAYS_EMBED_SWIFT_STANDARD_LIBRARIES = YES;
				BUNDLE_LOADER = "$(TEST_HOST)";
				CODE_SIGN_STYLE = Automatic;
				DEVELOPMENT_TEAM = EKD5J8G5SA;
				INFOPLIST_FILE = cautiousTests/Info.plist;
				LD_RUNPATH_SEARCH_PATHS = "$(inherited) @executable_path/Frameworks @loader_path/Frameworks";
				PRODUCT_BUNDLE_IDENTIFIER = com.woojg.cautious.cautiousTests;
				PRODUCT_NAME = "$(TARGET_NAME)";
				SWIFT_VERSION = 4.0;
				TARGETED_DEVICE_FAMILY = "1,2";
				TEST_HOST = "$(BUILT_PRODUCTS_DIR)/cautious.app/cautious";
			};
			name = Release;
		};
		BBF2B56A1FD0F6000037E0DA /* Debug */ = {
			isa = XCBuildConfiguration;
			buildSettings = {
				ALWAYS_EMBED_SWIFT_STANDARD_LIBRARIES = YES;
				CODE_SIGN_STYLE = Automatic;
				DEVELOPMENT_TEAM = EKD5J8G5SA;
				INFOPLIST_FILE = cautiousUITests/Info.plist;
				LD_RUNPATH_SEARCH_PATHS = "$(inherited) @executable_path/Frameworks @loader_path/Frameworks";
				PRODUCT_BUNDLE_IDENTIFIER = com.woojg.cautious.cautiousUITests;
				PRODUCT_NAME = "$(TARGET_NAME)";
				SWIFT_VERSION = 4.0;
				TARGETED_DEVICE_FAMILY = "1,2";
				TEST_TARGET_NAME = cautious;
			};
			name = Debug;
		};
		BBF2B56B1FD0F6000037E0DA /* Release */ = {
			isa = XCBuildConfiguration;
			buildSettings = {
				ALWAYS_EMBED_SWIFT_STANDARD_LIBRARIES = YES;
				CODE_SIGN_STYLE = Automatic;
				DEVELOPMENT_TEAM = EKD5J8G5SA;
				INFOPLIST_FILE = cautiousUITests/Info.plist;
				LD_RUNPATH_SEARCH_PATHS = "$(inherited) @executable_path/Frameworks @loader_path/Frameworks";
				PRODUCT_BUNDLE_IDENTIFIER = com.woojg.cautious.cautiousUITests;
				PRODUCT_NAME = "$(TARGET_NAME)";
				SWIFT_VERSION = 4.0;
				TARGETED_DEVICE_FAMILY = "1,2";
				TEST_TARGET_NAME = cautious;
			};
			name = Release;
		};
		BBF2B5761FD0F68B0037E0DA /* Debug */ = {
			isa = XCBuildConfiguration;
			buildSettings = {
				ASSETCATALOG_COMPILER_APPICON_NAME = AppIcon;
				CODE_SIGN_STYLE = Automatic;
				DEVELOPMENT_TEAM = EKD5J8G5SA;
				INFOPLIST_FILE = "cautious copy-Info.plist";
				IPHONEOS_DEPLOYMENT_TARGET = 9.1;
				LD_RUNPATH_SEARCH_PATHS = "$(inherited) @executable_path/Frameworks";
				PRODUCT_BUNDLE_IDENTIFIER = com.woojg.cautious;
				PRODUCT_NAME = "$(TARGET_NAME)";
				SWIFT_VERSION = 4.0;
				TARGETED_DEVICE_FAMILY = "1,2";
			};
			name = Debug;
		};
		BBF2B5771FD0F68B0037E0DA /* Release */ = {
			isa = XCBuildConfiguration;
			buildSettings = {
				ASSETCATALOG_COMPILER_APPICON_NAME = AppIcon;
				CODE_SIGN_STYLE = Automatic;
				DEVELOPMENT_TEAM = EKD5J8G5SA;
				INFOPLIST_FILE = "cautious copy-Info.plist";
				IPHONEOS_DEPLOYMENT_TARGET = 9.1;
				LD_RUNPATH_SEARCH_PATHS = "$(inherited) @executable_path/Frameworks";
				PRODUCT_BUNDLE_IDENTIFIER = com.woojg.cautious;
				PRODUCT_NAME = "$(TARGET_NAME)";
				SWIFT_VERSION = 4.0;
				TARGETED_DEVICE_FAMILY = "1,2";
			};
			name = Release;
		};
/* End XCBuildConfiguration section */

/* Begin XCConfigurationList section */
		BBF2B5361FD0F6000037E0DA /* Build configuration list for PBXProject "cautious" */ = {
			isa = XCConfigurationList;
			buildConfigurations = (
				BBF2B5611FD0F6000037E0DA /* Debug */,
				BBF2B5621FD0F6000037E0DA /* Release */,
			);
			defaultConfigurationIsVisible = 0;
			defaultConfigurationName = Release;
		};
		BBF2B5631FD0F6000037E0DA /* Build configuration list for PBXNativeTarget "cautious" */ = {
			isa = XCConfigurationList;
			buildConfigurations = (
				BBF2B5641FD0F6000037E0DA /* Debug */,
				BBF2B5651FD0F6000037E0DA /* Release */,
			);
			defaultConfigurationIsVisible = 0;
			defaultConfigurationName = Release;
		};
		BBF2B5661FD0F6000037E0DA /* Build configuration list for PBXNativeTarget "cautiousTests" */ = {
			isa = XCConfigurationList;
			buildConfigurations = (
				BBF2B5671FD0F6000037E0DA /* Debug */,
				BBF2B5681FD0F6000037E0DA /* Release */,
			);
			defaultConfigurationIsVisible = 0;
			defaultConfigurationName = Release;
		};
		BBF2B5691FD0F6000037E0DA /* Build configuration list for PBXNativeTarget "cautiousUITests" */ = {
			isa = XCConfigurationList;
			buildConfigurations = (
				BBF2B56A1FD0F6000037E0DA /* Debug */,
				BBF2B56B1FD0F6000037E0DA /* Release */,
			);
			defaultConfigurationIsVisible = 0;
			defaultConfigurationName = Release;
		};
		BBF2B5751FD0F68B0037E0DA /* Build configuration list for PBXNativeTarget "cautious-staging" */ = {
			isa = XCConfigurationList;
			buildConfigurations = (
				BBF2B5761FD0F68B0037E0DA /* Debug */,
				BBF2B5771FD0F68B0037E0DA /* Release */,
			);
			defaultConfigurationIsVisible = 0;
			defaultConfigurationName = Release;
		};
/* End XCConfigurationList section */
	};
	rootObject = BBF2B5331FD0F6000037E0DA /* Project object */;
}
